
Microsoft Visual Studio Solution File, Format Version 12.00
# Visual Studio Version 17
VisualStudioVersion = 17.7.34202.233
MinimumVisualStudioVersion = 10.0.40219.1
Project("{9A19103F-16F7-4668-BE54-9A1E7A4F7556}") = "1", "1\1.csproj", "{F96DC5E8-9382-4DC0-8329-D69B4F48656C}"
EndProject
Project("{9A19103F-16F7-4668-BE54-9A1E7A4F7556}") = "Tests", "Tests\Tests.csproj", "{CCF01716-BF9F-48BF-9396-CDC8711FB775}"
EndProject
Global
	GlobalSection(SolutionConfigurationPlatforms) = preSolution
		Debug|Any CPU = Debug|Any CPU
		Release|Any CPU = Release|Any CPU
	EndGlobalSection
	GlobalSection(ProjectConfigurationPlatforms) = postSolution
		{F96DC5E8-9382-4DC0-8329-D69B4F48656C}.Debug|Any CPU.ActiveCfg = Debug|Any CPU
		{F96DC5E8-9382-4DC0-8329-D69B4F48656C}.Debug|Any CPU.Build.0 = Debug|Any CPU
		{F96DC5E8-9382-4DC0-8329-D69B4F48656C}.Release|Any CPU.ActiveCfg = Release|Any CPU
		{F96DC5E8-9382-4DC0-8329-D69B4F48656C}.Release|Any CPU.Build.0 = Release|Any CPU
		{CCF01716-BF9F-48BF-9396-CDC8711FB775}.Debug|Any CPU.ActiveCfg = Debug|Any CPU
		{CCF01716-BF9F-48BF-9396-CDC8711FB775}.Debug|Any CPU.Build.0 = Debug|Any CPU
		{CCF01716-BF9F-48BF-9396-CDC8711FB775}.Release|Any CPU.ActiveCfg = Release|Any CPU
		{CCF01716-BF9F-48BF-9396-CDC8711FB775}.Release|Any CPU.Build.0 = Release|Any CPU
	EndGlobalSection
	GlobalSection(SolutionProperties) = preSolution
		HideSolutionNode = FALSE
	EndGlobalSection
	GlobalSection(ExtensibilityGlobals) = postSolution
		SolutionGuid = {0C933F18-FD9A-4211-80A3-DC28273655E4}
	EndGlobalSection
EndGlobal
