
Microsoft Visual Studio Solution File, Format Version 12.00
# Visual Studio Version 17
VisualStudioVersion = 17.7.34202.233
MinimumVisualStudioVersion = 10.0.40219.1
Project("{9A19103F-16F7-4668-BE54-9A1E7A4F7556}") = "2", "2\2.csproj", "{2EF8B9A2-437D-4AD9-8626-315106607DC3}"
EndProject
Project("{9A19103F-16F7-4668-BE54-9A1E7A4F7556}") = "Tests", "Tests\Tests.csproj", "{AA7EF216-366D-4058-B344-8F013C33E6F7}"
EndProject
Global
	GlobalSection(SolutionConfigurationPlatforms) = preSolution
		Debug|Any CPU = Debug|Any CPU
		Release|Any CPU = Release|Any CPU
	EndGlobalSection
	GlobalSection(ProjectConfigurationPlatforms) = postSolution
		{2EF8B9A2-437D-4AD9-8626-315106607DC3}.Debug|Any CPU.ActiveCfg = Debug|Any CPU
		{2EF8B9A2-437D-4AD9-8626-315106607DC3}.Debug|Any CPU.Build.0 = Debug|Any CPU
		{2EF8B9A2-437D-4AD9-8626-315106607DC3}.Release|Any CPU.ActiveCfg = Release|Any CPU
		{2EF8B9A2-437D-4AD9-8626-315106607DC3}.Release|Any CPU.Build.0 = Release|Any CPU
		{AA7EF216-366D-4058-B344-8F013C33E6F7}.Debug|Any CPU.ActiveCfg = Debug|Any CPU
		{AA7EF216-366D-4058-B344-8F013C33E6F7}.Debug|Any CPU.Build.0 = Debug|Any CPU
		{AA7EF216-366D-4058-B344-8F013C33E6F7}.Release|Any CPU.ActiveCfg = Release|Any CPU
		{AA7EF216-366D-4058-B344-8F013C33E6F7}.Release|Any CPU.Build.0 = Release|Any CPU
	EndGlobalSection
	GlobalSection(SolutionProperties) = preSolution
		HideSolutionNode = FALSE
	EndGlobalSection
	GlobalSection(ExtensibilityGlobals) = postSolution
		SolutionGuid = {C92A79CF-2E07-4153-8136-AD4F49A72291}
	EndGlobalSection
EndGlobal
