
Microsoft Visual Studio Solution File, Format Version 12.00
# Visual Studio Version 17
VisualStudioVersion = 17.7.34202.233
MinimumVisualStudioVersion = 10.0.40219.1
Project("{9A19103F-16F7-4668-BE54-9A1E7A4F7556}") = "5", "5\5.csproj", "{D0530B5C-B0AB-4E07-94D4-2D150466D8DF}"
EndProject
Project("{9A19103F-16F7-4668-BE54-9A1E7A4F7556}") = "Tests", "Tests\Tests.csproj", "{BC0AB79F-03C2-4DE5-902C-9F0076DAB4A6}"
EndProject
Global
	GlobalSection(SolutionConfigurationPlatforms) = preSolution
		Debug|Any CPU = Debug|Any CPU
		Release|Any CPU = Release|Any CPU
	EndGlobalSection
	GlobalSection(ProjectConfigurationPlatforms) = postSolution
		{D0530B5C-B0AB-4E07-94D4-2D150466D8DF}.Debug|Any CPU.ActiveCfg = Debug|Any CPU
		{D0530B5C-B0AB-4E07-94D4-2D150466D8DF}.Debug|Any CPU.Build.0 = Debug|Any CPU
		{D0530B5C-B0AB-4E07-94D4-2D150466D8DF}.Release|Any CPU.ActiveCfg = Release|Any CPU
		{D0530B5C-B0AB-4E07-94D4-2D150466D8DF}.Release|Any CPU.Build.0 = Release|Any CPU
		{BC0AB79F-03C2-4DE5-902C-9F0076DAB4A6}.Debug|Any CPU.ActiveCfg = Debug|Any CPU
		{BC0AB79F-03C2-4DE5-902C-9F0076DAB4A6}.Debug|Any CPU.Build.0 = Debug|Any CPU
		{BC0AB79F-03C2-4DE5-902C-9F0076DAB4A6}.Release|Any CPU.ActiveCfg = Release|Any CPU
		{BC0AB79F-03C2-4DE5-902C-9F0076DAB4A6}.Release|Any CPU.Build.0 = Release|Any CPU
	EndGlobalSection
	GlobalSection(SolutionProperties) = preSolution
		HideSolutionNode = FALSE
	EndGlobalSection
	GlobalSection(ExtensibilityGlobals) = postSolution
		SolutionGuid = {13E822BB-88AB-40B5-9998-A2525D932E2E}
	EndGlobalSection
EndGlobal
